// !$*UTF8*$!
{
	archiveVersion = 1;
	classes = {
	};
	objectVersion = 55;
	objects = {

/* Begin PBXBuildFile section */
		38705D2704CBD7DB0FB59835 /* Pods_FirebaseLogin_FirebaseLoginUITests.framework in Frameworks */ = {isa = PBXBuildFile; fileRef = D4F9844599B586BFA47F2F8B /* Pods_FirebaseLogin_FirebaseLoginUITests.framework */; };
		BBD44AE6FF6533AC4C0A5AF8 /* Pods_FirebaseLoginTests.framework in Frameworks */ = {isa = PBXBuildFile; fileRef = 9605C3564DD7744A992F9A62 /* Pods_FirebaseLoginTests.framework */; };
		C92FE32E62456919B4719394 /* Pods_FirebaseLogin.framework in Frameworks */ = {isa = PBXBuildFile; fileRef = DED385751F3810CC68FF6118 /* Pods_FirebaseLogin.framework */; };
		E704EA1628E247A2005ACC8E /* profile.jpeg in Resources */ = {isa = PBXBuildFile; fileRef = E704EA1528E247A2005ACC8E /* profile.jpeg */; };
		E704EA1C28E24B1A005ACC8E /* CollectionViewModel.swift in Sources */ = {isa = PBXBuildFile; fileRef = E704EA1B28E24B1A005ACC8E /* CollectionViewModel.swift */; };
		E704EA1E28E2573C005ACC8E /* CollectionManager.swift in Sources */ = {isa = PBXBuildFile; fileRef = E704EA1D28E2573C005ACC8E /* CollectionManager.swift */; };
		E704EA2128E2B172005ACC8E /* NoteViewController.swift in Sources */ = {isa = PBXBuildFile; fileRef = E704EA2028E2B172005ACC8E /* NoteViewController.swift */; };
		E704EA2628E2C1B2005ACC8E /* NoteModel.swift in Sources */ = {isa = PBXBuildFile; fileRef = E704EA2528E2C1B2005ACC8E /* NoteModel.swift */; };
		E704EA2828E32DE4005ACC8E /* NoteTableViewCell.swift in Sources */ = {isa = PBXBuildFile; fileRef = E704EA2728E32DE4005ACC8E /* NoteTableViewCell.swift */; };
		E704EA2A28E330CA005ACC8E /* NoteViewModel.swift in Sources */ = {isa = PBXBuildFile; fileRef = E704EA2928E330CA005ACC8E /* NoteViewModel.swift */; };
		E717453C28DB495F004468F6 /* HomeViewController.swift in Sources */ = {isa = PBXBuildFile; fileRef = E717453B28DB495F004468F6 /* HomeViewController.swift */; };
		E717453E28DB5C73004468F6 /* MapViewController.swift in Sources */ = {isa = PBXBuildFile; fileRef = E717453D28DB5C73004468F6 /* MapViewController.swift */; };
		E74109A728DCC7B500F851C3 /* CustomCollectionViewCell.swift in Sources */ = {isa = PBXBuildFile; fileRef = E74109A628DCC7B500F851C3 /* CustomCollectionViewCell.swift */; };
		E7547F3728DA76C700E72E4D /* AppDelegate.swift in Sources */ = {isa = PBXBuildFile; fileRef = E7547F3628DA76C700E72E4D /* AppDelegate.swift */; };
		E7547F3928DA76C700E72E4D /* SceneDelegate.swift in Sources */ = {isa = PBXBuildFile; fileRef = E7547F3828DA76C700E72E4D /* SceneDelegate.swift */; };
		E7547F3B28DA76C700E72E4D /* ViewController.swift in Sources */ = {isa = PBXBuildFile; fileRef = E7547F3A28DA76C700E72E4D /* ViewController.swift */; };
		E7547F3E28DA76C700E72E4D /* Main.storyboard in Resources */ = {isa = PBXBuildFile; fileRef = E7547F3C28DA76C700E72E4D /* Main.storyboard */; };
		E7547F4028DA76CA00E72E4D /* Assets.xcassets in Resources */ = {isa = PBXBuildFile; fileRef = E7547F3F28DA76CA00E72E4D /* Assets.xcassets */; };
		E7547F4328DA76CA00E72E4D /* LaunchScreen.storyboard in Resources */ = {isa = PBXBuildFile; fileRef = E7547F4128DA76CA00E72E4D /* LaunchScreen.storyboard */; };
		E7547F4E28DA76CA00E72E4D /* FirebaseLoginTests.swift in Sources */ = {isa = PBXBuildFile; fileRef = E7547F4D28DA76CA00E72E4D /* FirebaseLoginTests.swift */; };
		E7547F5828DA76CA00E72E4D /* FirebaseLoginUITests.swift in Sources */ = {isa = PBXBuildFile; fileRef = E7547F5728DA76CA00E72E4D /* FirebaseLoginUITests.swift */; };
		E7547F5A28DA76CA00E72E4D /* FirebaseLoginUITestsLaunchTests.swift in Sources */ = {isa = PBXBuildFile; fileRef = E7547F5928DA76CA00E72E4D /* FirebaseLoginUITestsLaunchTests.swift */; };
		E7547F6728DA77AA00E72E4D /* GoogleService-Info.plist in Resources */ = {isa = PBXBuildFile; fileRef = E7547F6628DA77AA00E72E4D /* GoogleService-Info.plist */; };
		E7547F6D28DA7F6B00E72E4D /* User.swift in Sources */ = {isa = PBXBuildFile; fileRef = E7547F6C28DA7F6B00E72E4D /* User.swift */; };
		E7547F7628DAA7A100E72E4D /* MoviesViewModel.swift in Sources */ = {isa = PBXBuildFile; fileRef = E7547F7528DAA7A100E72E4D /* MoviesViewModel.swift */; };
		E7638CDC28DFD48800181222 /* MovieCollectionViewCell.swift in Sources */ = {isa = PBXBuildFile; fileRef = E7638CDA28DFD48800181222 /* MovieCollectionViewCell.swift */; };
		E7638CDD28DFD48800181222 /* MovieCollectionViewCell.xib in Resources */ = {isa = PBXBuildFile; fileRef = E7638CDB28DFD48800181222 /* MovieCollectionViewCell.xib */; };
		E7638CE328DFF7C900181222 /* Logo.png in Resources */ = {isa = PBXBuildFile; fileRef = E7638CE228DFF7C900181222 /* Logo.png */; };
		E79D350528DC7553009E6752 /* InicioViewController.swift in Sources */ = {isa = PBXBuildFile; fileRef = E79D350428DC7553009E6752 /* InicioViewController.swift */; };
		E79D350928DC879E009E6752 /* CollectionViewController.swift in Sources */ = {isa = PBXBuildFile; fileRef = E79D350828DC879E009E6752 /* CollectionViewController.swift */; };
		E79D350B28DC9AA9009E6752 /* Character.swift in Sources */ = {isa = PBXBuildFile; fileRef = E79D350A28DC9AA9009E6752 /* Character.swift */; };
		E79D350D28DC9B1F009E6752 /* api.json in Resources */ = {isa = PBXBuildFile; fileRef = E79D350C28DC9B1F009E6752 /* api.json */; };
		E79D350F28DCA1BF009E6752 /* GalleryViewController.swift in Sources */ = {isa = PBXBuildFile; fileRef = E79D350E28DCA1BF009E6752 /* GalleryViewController.swift */; };
		E7DDB96928DDF0AD0013FB4D /* WebUIViewController.swift in Sources */ = {isa = PBXBuildFile; fileRef = E7DDB96828DDF0AD0013FB4D /* WebUIViewController.swift */; };
		E7DDB96D28DDFF5B0013FB4D /* MovieService.swift in Sources */ = {isa = PBXBuildFile; fileRef = E7DDB96C28DDFF5B0013FB4D /* MovieService.swift */; };
		E7DDB97328DE090B0013FB4D /* CustomMovieViewCell.xib in Resources */ = {isa = PBXBuildFile; fileRef = E7DDB97128DE090B0013FB4D /* CustomMovieViewCell.xib */; };
		E7DDB97528DE183D0013FB4D /* Movie.swift in Sources */ = {isa = PBXBuildFile; fileRef = E7DDB97428DE183D0013FB4D /* Movie.swift */; };
/* End PBXBuildFile section */

/* Begin PBXContainerItemProxy section */
		E7547F4A28DA76CA00E72E4D /* PBXContainerItemProxy */ = {
			isa = PBXContainerItemProxy;
			containerPortal = E7547F2B28DA76C700E72E4D /* Project object */;
			proxyType = 1;
			remoteGlobalIDString = E7547F3228DA76C700E72E4D;
			remoteInfo = FirebaseLogin;
		};
		E7547F5428DA76CA00E72E4D /* PBXContainerItemProxy */ = {
			isa = PBXContainerItemProxy;
			containerPortal = E7547F2B28DA76C700E72E4D /* Project object */;
			proxyType = 1;
			remoteGlobalIDString = E7547F3228DA76C700E72E4D;
			remoteInfo = FirebaseLogin;
		};
/* End PBXContainerItemProxy section */

/* Begin PBXFileReference section */
		1A05D8785F5C5BF389FE0EB4 /* Pods-FirebaseLogin-FirebaseLoginUITests.release.xcconfig */ = {isa = PBXFileReference; includeInIndex = 1; lastKnownFileType = text.xcconfig; name = "Pods-FirebaseLogin-FirebaseLoginUITests.release.xcconfig"; path = "Target Support Files/Pods-FirebaseLogin-FirebaseLoginUITests/Pods-FirebaseLogin-FirebaseLoginUITests.release.xcconfig"; sourceTree = "<group>"; };
		1BAF3156CA22F8EC41CB1449 /* Pods-FirebaseLogin.release.xcconfig */ = {isa = PBXFileReference; includeInIndex = 1; lastKnownFileType = text.xcconfig; name = "Pods-FirebaseLogin.release.xcconfig"; path = "Target Support Files/Pods-FirebaseLogin/Pods-FirebaseLogin.release.xcconfig"; sourceTree = "<group>"; };
		29FDD111FB5482F7D8915D7C /* Pods-FirebaseLoginTests.release.xcconfig */ = {isa = PBXFileReference; includeInIndex = 1; lastKnownFileType = text.xcconfig; name = "Pods-FirebaseLoginTests.release.xcconfig"; path = "Target Support Files/Pods-FirebaseLoginTests/Pods-FirebaseLoginTests.release.xcconfig"; sourceTree = "<group>"; };
		3CC46C7ABE2011C71901140B /* Pods-FirebaseLogin-FirebaseLoginUITests.debug.xcconfig */ = {isa = PBXFileReference; includeInIndex = 1; lastKnownFileType = text.xcconfig; name = "Pods-FirebaseLogin-FirebaseLoginUITests.debug.xcconfig"; path = "Target Support Files/Pods-FirebaseLogin-FirebaseLoginUITests/Pods-FirebaseLogin-FirebaseLoginUITests.debug.xcconfig"; sourceTree = "<group>"; };
		9605C3564DD7744A992F9A62 /* Pods_FirebaseLoginTests.framework */ = {isa = PBXFileReference; explicitFileType = wrapper.framework; includeInIndex = 0; path = Pods_FirebaseLoginTests.framework; sourceTree = BUILT_PRODUCTS_DIR; };
		D14AF4354B86345198D080EA /* Pods-FirebaseLoginTests.debug.xcconfig */ = {isa = PBXFileReference; includeInIndex = 1; lastKnownFileType = text.xcconfig; name = "Pods-FirebaseLoginTests.debug.xcconfig"; path = "Target Support Files/Pods-FirebaseLoginTests/Pods-FirebaseLoginTests.debug.xcconfig"; sourceTree = "<group>"; };
		D4F9844599B586BFA47F2F8B /* Pods_FirebaseLogin_FirebaseLoginUITests.framework */ = {isa = PBXFileReference; explicitFileType = wrapper.framework; includeInIndex = 0; path = Pods_FirebaseLogin_FirebaseLoginUITests.framework; sourceTree = BUILT_PRODUCTS_DIR; };
		DED385751F3810CC68FF6118 /* Pods_FirebaseLogin.framework */ = {isa = PBXFileReference; explicitFileType = wrapper.framework; includeInIndex = 0; path = Pods_FirebaseLogin.framework; sourceTree = BUILT_PRODUCTS_DIR; };
		E704EA1528E247A2005ACC8E /* profile.jpeg */ = {isa = PBXFileReference; lastKnownFileType = image.jpeg; name = profile.jpeg; path = ../../../profile.jpeg; sourceTree = "<group>"; };
		E704EA1B28E24B1A005ACC8E /* CollectionViewModel.swift */ = {isa = PBXFileReference; lastKnownFileType = sourcecode.swift; name = CollectionViewModel.swift; path = ../../../../../../../Documents/CollectionViewModel.swift; sourceTree = "<group>"; };
		E704EA1D28E2573C005ACC8E /* CollectionManager.swift */ = {isa = PBXFileReference; lastKnownFileType = sourcecode.swift; path = CollectionManager.swift; sourceTree = "<group>"; };
		E704EA2028E2B172005ACC8E /* NoteViewController.swift */ = {isa = PBXFileReference; lastKnownFileType = sourcecode.swift; path = NoteViewController.swift; sourceTree = "<group>"; };
		E704EA2528E2C1B2005ACC8E /* NoteModel.swift */ = {isa = PBXFileReference; lastKnownFileType = sourcecode.swift; name = NoteModel.swift; path = ../../../../../../../Documents/NoteModel.swift; sourceTree = "<group>"; };
		E704EA2728E32DE4005ACC8E /* NoteTableViewCell.swift */ = {isa = PBXFileReference; lastKnownFileType = sourcecode.swift; path = NoteTableViewCell.swift; sourceTree = "<group>"; };
		E704EA2928E330CA005ACC8E /* NoteViewModel.swift */ = {isa = PBXFileReference; lastKnownFileType = sourcecode.swift; path = NoteViewModel.swift; sourceTree = "<group>"; };
		E717453B28DB495F004468F6 /* HomeViewController.swift */ = {isa = PBXFileReference; lastKnownFileType = sourcecode.swift; path = HomeViewController.swift; sourceTree = "<group>"; };
		E717453D28DB5C73004468F6 /* MapViewController.swift */ = {isa = PBXFileReference; lastKnownFileType = sourcecode.swift; path = MapViewController.swift; sourceTree = "<group>"; };
		E74109A628DCC7B500F851C3 /* CustomCollectionViewCell.swift */ = {isa = PBXFileReference; lastKnownFileType = sourcecode.swift; path = CustomCollectionViewCell.swift; sourceTree = "<group>"; };
		E7547F3328DA76C700E72E4D /* FirebaseLogin.app */ = {isa = PBXFileReference; explicitFileType = wrapper.application; includeInIndex = 0; path = FirebaseLogin.app; sourceTree = BUILT_PRODUCTS_DIR; };
		E7547F3628DA76C700E72E4D /* AppDelegate.swift */ = {isa = PBXFileReference; lastKnownFileType = sourcecode.swift; path = AppDelegate.swift; sourceTree = "<group>"; };
		E7547F3828DA76C700E72E4D /* SceneDelegate.swift */ = {isa = PBXFileReference; lastKnownFileType = sourcecode.swift; path = SceneDelegate.swift; sourceTree = "<group>"; };
		E7547F3A28DA76C700E72E4D /* ViewController.swift */ = {isa = PBXFileReference; lastKnownFileType = sourcecode.swift; path = ViewController.swift; sourceTree = "<group>"; };
		E7547F3D28DA76C700E72E4D /* Base */ = {isa = PBXFileReference; lastKnownFileType = file.storyboard; name = Base; path = Base.lproj/Main.storyboard; sourceTree = "<group>"; };
		E7547F3F28DA76CA00E72E4D /* Assets.xcassets */ = {isa = PBXFileReference; lastKnownFileType = folder.assetcatalog; path = Assets.xcassets; sourceTree = "<group>"; };
		E7547F4228DA76CA00E72E4D /* Base */ = {isa = PBXFileReference; lastKnownFileType = file.storyboard; name = Base; path = Base.lproj/LaunchScreen.storyboard; sourceTree = "<group>"; };
		E7547F4428DA76CA00E72E4D /* Info.plist */ = {isa = PBXFileReference; lastKnownFileType = text.plist.xml; path = Info.plist; sourceTree = "<group>"; };
		E7547F4928DA76CA00E72E4D /* FirebaseLoginTests.xctest */ = {isa = PBXFileReference; explicitFileType = wrapper.cfbundle; includeInIndex = 0; path = FirebaseLoginTests.xctest; sourceTree = BUILT_PRODUCTS_DIR; };
		E7547F4D28DA76CA00E72E4D /* FirebaseLoginTests.swift */ = {isa = PBXFileReference; lastKnownFileType = sourcecode.swift; path = FirebaseLoginTests.swift; sourceTree = "<group>"; };
		E7547F5328DA76CA00E72E4D /* FirebaseLoginUITests.xctest */ = {isa = PBXFileReference; explicitFileType = wrapper.cfbundle; includeInIndex = 0; path = FirebaseLoginUITests.xctest; sourceTree = BUILT_PRODUCTS_DIR; };
		E7547F5728DA76CA00E72E4D /* FirebaseLoginUITests.swift */ = {isa = PBXFileReference; lastKnownFileType = sourcecode.swift; path = FirebaseLoginUITests.swift; sourceTree = "<group>"; };
		E7547F5928DA76CA00E72E4D /* FirebaseLoginUITestsLaunchTests.swift */ = {isa = PBXFileReference; lastKnownFileType = sourcecode.swift; path = FirebaseLoginUITestsLaunchTests.swift; sourceTree = "<group>"; };
		E7547F6628DA77AA00E72E4D /* GoogleService-Info.plist */ = {isa = PBXFileReference; fileEncoding = 4; lastKnownFileType = text.plist.xml; name = "GoogleService-Info.plist"; path = "../../../Downloads/GoogleService-Info.plist"; sourceTree = "<group>"; };
		E7547F6C28DA7F6B00E72E4D /* User.swift */ = {isa = PBXFileReference; lastKnownFileType = sourcecode.swift; path = User.swift; sourceTree = "<group>"; };
		E7547F7528DAA7A100E72E4D /* MoviesViewModel.swift */ = {isa = PBXFileReference; lastKnownFileType = sourcecode.swift; path = MoviesViewModel.swift; sourceTree = "<group>"; };
		E7638CDA28DFD48800181222 /* MovieCollectionViewCell.swift */ = {isa = PBXFileReference; lastKnownFileType = sourcecode.swift; path = MovieCollectionViewCell.swift; sourceTree = "<group>"; };
		E7638CDB28DFD48800181222 /* MovieCollectionViewCell.xib */ = {isa = PBXFileReference; lastKnownFileType = file.xib; path = MovieCollectionViewCell.xib; sourceTree = "<group>"; };
		E7638CE228DFF7C900181222 /* Logo.png */ = {isa = PBXFileReference; lastKnownFileType = image.png; path = Logo.png; sourceTree = "<group>"; };
		E79D350428DC7553009E6752 /* InicioViewController.swift */ = {isa = PBXFileReference; lastKnownFileType = sourcecode.swift; path = InicioViewController.swift; sourceTree = "<group>"; };
		E79D350828DC879E009E6752 /* CollectionViewController.swift */ = {isa = PBXFileReference; lastKnownFileType = sourcecode.swift; path = CollectionViewController.swift; sourceTree = "<group>"; };
		E79D350A28DC9AA9009E6752 /* Character.swift */ = {isa = PBXFileReference; lastKnownFileType = sourcecode.swift; path = Character.swift; sourceTree = "<group>"; };
		E79D350C28DC9B1F009E6752 /* api.json */ = {isa = PBXFileReference; lastKnownFileType = text.json; path = api.json; sourceTree = "<group>"; };
		E79D350E28DCA1BF009E6752 /* GalleryViewController.swift */ = {isa = PBXFileReference; lastKnownFileType = sourcecode.swift; path = GalleryViewController.swift; sourceTree = "<group>"; };
		E7DDB96828DDF0AD0013FB4D /* WebUIViewController.swift */ = {isa = PBXFileReference; lastKnownFileType = sourcecode.swift; path = WebUIViewController.swift; sourceTree = "<group>"; };
		E7DDB96C28DDFF5B0013FB4D /* MovieService.swift */ = {isa = PBXFileReference; lastKnownFileType = sourcecode.swift; path = MovieService.swift; sourceTree = "<group>"; };
		E7DDB97128DE090B0013FB4D /* CustomMovieViewCell.xib */ = {isa = PBXFileReference; lastKnownFileType = file.xib; path = CustomMovieViewCell.xib; sourceTree = "<group>"; };
		E7DDB97428DE183D0013FB4D /* Movie.swift */ = {isa = PBXFileReference; lastKnownFileType = sourcecode.swift; path = Movie.swift; sourceTree = "<group>"; };
		EAB2156EC04E701A6075CBBC /* Pods-FirebaseLogin.debug.xcconfig */ = {isa = PBXFileReference; includeInIndex = 1; lastKnownFileType = text.xcconfig; name = "Pods-FirebaseLogin.debug.xcconfig"; path = "Target Support Files/Pods-FirebaseLogin/Pods-FirebaseLogin.debug.xcconfig"; sourceTree = "<group>"; };
/* End PBXFileReference section */

/* Begin PBXFrameworksBuildPhase section */
		E7547F3028DA76C700E72E4D /* Frameworks */ = {
			isa = PBXFrameworksBuildPhase;
			buildActionMask = 2147483647;
			files = (
				C92FE32E62456919B4719394 /* Pods_FirebaseLogin.framework in Frameworks */,
			);
			runOnlyForDeploymentPostprocessing = 0;
		};
		E7547F4628DA76CA00E72E4D /* Frameworks */ = {
			isa = PBXFrameworksBuildPhase;
			buildActionMask = 2147483647;
			files = (
				BBD44AE6FF6533AC4C0A5AF8 /* Pods_FirebaseLoginTests.framework in Frameworks */,
			);
			runOnlyForDeploymentPostprocessing = 0;
		};
		E7547F5028DA76CA00E72E4D /* Frameworks */ = {
			isa = PBXFrameworksBuildPhase;
			buildActionMask = 2147483647;
			files = (
				38705D2704CBD7DB0FB59835 /* Pods_FirebaseLogin_FirebaseLoginUITests.framework in Frameworks */,
			);
			runOnlyForDeploymentPostprocessing = 0;
		};
/* End PBXFrameworksBuildPhase section */

/* Begin PBXGroup section */
		5DB07B32FF210470A7A117B2 /* Frameworks */ = {
			isa = PBXGroup;
			children = (
				DED385751F3810CC68FF6118 /* Pods_FirebaseLogin.framework */,
				D4F9844599B586BFA47F2F8B /* Pods_FirebaseLogin_FirebaseLoginUITests.framework */,
				9605C3564DD7744A992F9A62 /* Pods_FirebaseLoginTests.framework */,
			);
			name = Frameworks;
			sourceTree = "<group>";
		};
		D6F595B2926F06C792A3419A /* Pods */ = {
			isa = PBXGroup;
			children = (
				EAB2156EC04E701A6075CBBC /* Pods-FirebaseLogin.debug.xcconfig */,
				1BAF3156CA22F8EC41CB1449 /* Pods-FirebaseLogin.release.xcconfig */,
				3CC46C7ABE2011C71901140B /* Pods-FirebaseLogin-FirebaseLoginUITests.debug.xcconfig */,
				1A05D8785F5C5BF389FE0EB4 /* Pods-FirebaseLogin-FirebaseLoginUITests.release.xcconfig */,
				D14AF4354B86345198D080EA /* Pods-FirebaseLoginTests.debug.xcconfig */,
				29FDD111FB5482F7D8915D7C /* Pods-FirebaseLoginTests.release.xcconfig */,
			);
			path = Pods;
			sourceTree = "<group>";
		};
		E704EA0B28E2449B005ACC8E /* Default Files */ = {
			isa = PBXGroup;
			children = (
				E7547F3628DA76C700E72E4D /* AppDelegate.swift */,
				E7547F3F28DA76CA00E72E4D /* Assets.xcassets */,
				E7547F4128DA76CA00E72E4D /* LaunchScreen.storyboard */,
				E7547F3828DA76C700E72E4D /* SceneDelegate.swift */,
			);
			path = "Default Files";
			sourceTree = "<group>";
		};
		E704EA0C28E244F0005ACC8E /* Modules */ = {
			isa = PBXGroup;
			children = (
				E7547F6C28DA7F6B00E72E4D /* User.swift */,
				E7547F3A28DA76C700E72E4D /* ViewController.swift */,
				E74109A828DCE05900F851C3 /* Home */,
				E704EA0D28E244FA005ACC8E /* Inicio */,
				E7547F3C28DA76C700E72E4D /* Main.storyboard */,
			);
			path = Modules;
			sourceTree = "<group>";
		};
		E704EA0D28E244FA005ACC8E /* Inicio */ = {
			isa = PBXGroup;
			children = (
				E79D350428DC7553009E6752 /* InicioViewController.swift */,
				E704EA0E28E24501005ACC8E /* Collection */,
				E704EA1F28E2B121005ACC8E /* Escribir */,
				E704EA1228E24625005ACC8E /* Gallery */,
				E704EA1328E24658005ACC8E /* Map */,
				E704EA1728E24902005ACC8E /* Movie */,
				E704EA1428E2466F005ACC8E /* Web */,
			);
			path = Inicio;
			sourceTree = "<group>";
		};
		E704EA0E28E24501005ACC8E /* Collection */ = {
			isa = PBXGroup;
			children = (
				E704EA1128E2453C005ACC8E /* Model */,
				E704EA1028E2452B005ACC8E /* ViewModel */,
				E704EA0F28E2450F005ACC8E /* View */,
				E79D350828DC879E009E6752 /* CollectionViewController.swift */,
			);
			path = Collection;
			sourceTree = "<group>";
		};
		E704EA0F28E2450F005ACC8E /* View */ = {
			isa = PBXGroup;
			children = (
				E7DDB97128DE090B0013FB4D /* CustomMovieViewCell.xib */,
				E74109A628DCC7B500F851C3 /* CustomCollectionViewCell.swift */,
			);
			path = View;
			sourceTree = "<group>";
		};
		E704EA1028E2452B005ACC8E /* ViewModel */ = {
			isa = PBXGroup;
			children = (
				E704EA1B28E24B1A005ACC8E /* CollectionViewModel.swift */,
			);
			path = ViewModel;
			sourceTree = "<group>";
		};
		E704EA1128E2453C005ACC8E /* Model */ = {
			isa = PBXGroup;
			children = (
				E79D350C28DC9B1F009E6752 /* api.json */,
				E79D350A28DC9AA9009E6752 /* Character.swift */,
			);
			path = Model;
			sourceTree = "<group>";
		};
		E704EA1228E24625005ACC8E /* Gallery */ = {
			isa = PBXGroup;
			children = (
				E79D350E28DCA1BF009E6752 /* GalleryViewController.swift */,
			);
			path = Gallery;
			sourceTree = "<group>";
		};
		E704EA1328E24658005ACC8E /* Map */ = {
			isa = PBXGroup;
			children = (
				E717453D28DB5C73004468F6 /* MapViewController.swift */,
			);
			path = Map;
			sourceTree = "<group>";
		};
		E704EA1428E2466F005ACC8E /* Web */ = {
			isa = PBXGroup;
			children = (
				E7DDB96828DDF0AD0013FB4D /* WebUIViewController.swift */,
			);
			path = Web;
			sourceTree = "<group>";
		};
		E704EA1728E24902005ACC8E /* Movie */ = {
			isa = PBXGroup;
			children = (
				E704EA3228E3CEB6005ACC8E /* MovieDetail */,
				E704EA1A28E24930005ACC8E /* Model */,
				E704EA1928E2491C005ACC8E /* ViewModel */,
				E704EA1828E24911005ACC8E /* View */,
			);
			path = Movie;
			sourceTree = "<group>";
		};
		E704EA1828E24911005ACC8E /* View */ = {
			isa = PBXGroup;
			children = (
				E7638CDA28DFD48800181222 /* MovieCollectionViewCell.swift */,
				E7638CDB28DFD48800181222 /* MovieCollectionViewCell.xib */,
			);
			path = View;
			sourceTree = "<group>";
		};
		E704EA1928E2491C005ACC8E /* ViewModel */ = {
			isa = PBXGroup;
			children = (
				E7547F7528DAA7A100E72E4D /* MoviesViewModel.swift */,
			);
			path = ViewModel;
			sourceTree = "<group>";
		};
		E704EA1A28E24930005ACC8E /* Model */ = {
			isa = PBXGroup;
			children = (
				E7DDB97428DE183D0013FB4D /* Movie.swift */,
			);
			path = Model;
			sourceTree = "<group>";
		};
		E704EA1F28E2B121005ACC8E /* Escribir */ = {
			isa = PBXGroup;
			children = (
				E704EA2428E2B193005ACC8E /* View */,
				E704EA2328E2B185005ACC8E /* ViewModel */,
				E704EA2228E2B175005ACC8E /* Model */,
				E704EA2028E2B172005ACC8E /* NoteViewController.swift */,
			);
			path = Escribir;
			sourceTree = "<group>";
		};
		E704EA2228E2B175005ACC8E /* Model */ = {
			isa = PBXGroup;
			children = (
				E704EA2528E2C1B2005ACC8E /* NoteModel.swift */,
			);
			path = Model;
			sourceTree = "<group>";
		};
		E704EA2328E2B185005ACC8E /* ViewModel */ = {
			isa = PBXGroup;
			children = (
				E704EA2928E330CA005ACC8E /* NoteViewModel.swift */,
			);
			path = ViewModel;
			sourceTree = "<group>";
		};
		E704EA2428E2B193005ACC8E /* View */ = {
			isa = PBXGroup;
			children = (
				E704EA2728E32DE4005ACC8E /* NoteTableViewCell.swift */,
			);
			path = View;
			sourceTree = "<group>";
		};
		E704EA3228E3CEB6005ACC8E /* MovieDetail */ = {
			isa = PBXGroup;
			children = (
				E704EA3528E3CED6005ACC8E /* Model */,
				E704EA3428E3CECF005ACC8E /* ViewModel */,
				E704EA3328E3CECA005ACC8E /* View */,
			);
			path = MovieDetail;
			sourceTree = "<group>";
		};
		E704EA3328E3CECA005ACC8E /* View */ = {
			isa = PBXGroup;
			children = (
			);
			path = View;
			sourceTree = "<group>";
		};
		E704EA3428E3CECF005ACC8E /* ViewModel */ = {
			isa = PBXGroup;
			children = (
			);
			path = ViewModel;
			sourceTree = "<group>";
		};
		E704EA3528E3CED6005ACC8E /* Model */ = {
			isa = PBXGroup;
			children = (
			);
			path = Model;
			sourceTree = "<group>";
		};
		E74109A828DCE05900F851C3 /* Home */ = {
			isa = PBXGroup;
			children = (
				E717453B28DB495F004468F6 /* HomeViewController.swift */,
			);
			path = Home;
			sourceTree = "<group>";
		};
		E7547F2A28DA76C700E72E4D = {
			isa = PBXGroup;
			children = (
				E7547F3528DA76C700E72E4D /* FirebaseLogin */,
				E7547F4C28DA76CA00E72E4D /* FirebaseLoginTests */,
				E7547F5628DA76CA00E72E4D /* FirebaseLoginUITests */,
				E7547F3428DA76C700E72E4D /* Products */,
				D6F595B2926F06C792A3419A /* Pods */,
				5DB07B32FF210470A7A117B2 /* Frameworks */,
			);
			sourceTree = "<group>";
		};
		E7547F3428DA76C700E72E4D /* Products */ = {
			isa = PBXGroup;
			children = (
				E7547F3328DA76C700E72E4D /* FirebaseLogin.app */,
				E7547F4928DA76CA00E72E4D /* FirebaseLoginTests.xctest */,
				E7547F5328DA76CA00E72E4D /* FirebaseLoginUITests.xctest */,
			);
			name = Products;
			sourceTree = "<group>";
		};
		E7547F3528DA76C700E72E4D /* FirebaseLogin */ = {
			isa = PBXGroup;
			children = (
				E7547F6828DA7A5000E72E4D /* Assets */,
				E7DDB96B28DDFEC10013FB4D /* Service */,
				E704EA0C28E244F0005ACC8E /* Modules */,
				E704EA0B28E2449B005ACC8E /* Default Files */,
				E7547F6628DA77AA00E72E4D /* GoogleService-Info.plist */,
				E7547F4428DA76CA00E72E4D /* Info.plist */,
			);
			path = FirebaseLogin;
			sourceTree = "<group>";
		};
		E7547F4C28DA76CA00E72E4D /* FirebaseLoginTests */ = {
			isa = PBXGroup;
			children = (
				E7547F4D28DA76CA00E72E4D /* FirebaseLoginTests.swift */,
			);
			path = FirebaseLoginTests;
			sourceTree = "<group>";
		};
		E7547F5628DA76CA00E72E4D /* FirebaseLoginUITests */ = {
			isa = PBXGroup;
			children = (
				E7547F5728DA76CA00E72E4D /* FirebaseLoginUITests.swift */,
				E7547F5928DA76CA00E72E4D /* FirebaseLoginUITestsLaunchTests.swift */,
			);
			path = FirebaseLoginUITests;
			sourceTree = "<group>";
		};
		E7547F6828DA7A5000E72E4D /* Assets */ = {
			isa = PBXGroup;
			children = (
				E7638CE228DFF7C900181222 /* Logo.png */,
				E704EA1528E247A2005ACC8E /* profile.jpeg */,
			);
			path = Assets;
			sourceTree = "<group>";
		};
		E7DDB96B28DDFEC10013FB4D /* Service */ = {
			isa = PBXGroup;
			children = (
				E7DDB96C28DDFF5B0013FB4D /* MovieService.swift */,
				E704EA1D28E2573C005ACC8E /* CollectionManager.swift */,
			);
			path = Service;
			sourceTree = "<group>";
		};
/* End PBXGroup section */

/* Begin PBXNativeTarget section */
		E7547F3228DA76C700E72E4D /* FirebaseLogin */ = {
			isa = PBXNativeTarget;
			buildConfigurationList = E7547F5D28DA76CA00E72E4D /* Build configuration list for PBXNativeTarget "FirebaseLogin" */;
			buildPhases = (
				7D1D6DB44F90C09783B76503 /* [CP] Check Pods Manifest.lock */,
				E7547F2F28DA76C700E72E4D /* Sources */,
				E7547F3028DA76C700E72E4D /* Frameworks */,
				E7547F3128DA76C700E72E4D /* Resources */,
				9545D63096E1AA2C5B43323F /* [CP] Embed Pods Frameworks */,
			);
			buildRules = (
			);
			dependencies = (
			);
			name = FirebaseLogin;
			productName = FirebaseLogin;
			productReference = E7547F3328DA76C700E72E4D /* FirebaseLogin.app */;
			productType = "com.apple.product-type.application";
		};
		E7547F4828DA76CA00E72E4D /* FirebaseLoginTests */ = {
			isa = PBXNativeTarget;
			buildConfigurationList = E7547F6028DA76CA00E72E4D /* Build configuration list for PBXNativeTarget "FirebaseLoginTests" */;
			buildPhases = (
				E7A56104B04F394B929B7AE0 /* [CP] Check Pods Manifest.lock */,
				E7547F4528DA76CA00E72E4D /* Sources */,
				E7547F4628DA76CA00E72E4D /* Frameworks */,
				E7547F4728DA76CA00E72E4D /* Resources */,
			);
			buildRules = (
			);
			dependencies = (
				E7547F4B28DA76CA00E72E4D /* PBXTargetDependency */,
			);
			name = FirebaseLoginTests;
			productName = FirebaseLoginTests;
			productReference = E7547F4928DA76CA00E72E4D /* FirebaseLoginTests.xctest */;
			productType = "com.apple.product-type.bundle.unit-test";
		};
		E7547F5228DA76CA00E72E4D /* FirebaseLoginUITests */ = {
			isa = PBXNativeTarget;
			buildConfigurationList = E7547F6328DA76CA00E72E4D /* Build configuration list for PBXNativeTarget "FirebaseLoginUITests" */;
			buildPhases = (
				84EFE5E69B984DEF7E98B208 /* [CP] Check Pods Manifest.lock */,
				E7547F4F28DA76CA00E72E4D /* Sources */,
				E7547F5028DA76CA00E72E4D /* Frameworks */,
				E7547F5128DA76CA00E72E4D /* Resources */,
				68AFC8CFACEC231E5D8FE4A9 /* [CP] Embed Pods Frameworks */,
			);
			buildRules = (
			);
			dependencies = (
				E7547F5528DA76CA00E72E4D /* PBXTargetDependency */,
			);
			name = FirebaseLoginUITests;
			productName = FirebaseLoginUITests;
			productReference = E7547F5328DA76CA00E72E4D /* FirebaseLoginUITests.xctest */;
			productType = "com.apple.product-type.bundle.ui-testing";
		};
/* End PBXNativeTarget section */

/* Begin PBXProject section */
		E7547F2B28DA76C700E72E4D /* Project object */ = {
			isa = PBXProject;
			attributes = {
				BuildIndependentTargetsInParallel = 1;
				LastSwiftUpdateCheck = 1320;
				LastUpgradeCheck = 1320;
				TargetAttributes = {
					E7547F3228DA76C700E72E4D = {
						CreatedOnToolsVersion = 13.2.1;
					};
					E7547F4828DA76CA00E72E4D = {
						CreatedOnToolsVersion = 13.2.1;
						TestTargetID = E7547F3228DA76C700E72E4D;
					};
					E7547F5228DA76CA00E72E4D = {
						CreatedOnToolsVersion = 13.2.1;
						TestTargetID = E7547F3228DA76C700E72E4D;
					};
				};
			};
			buildConfigurationList = E7547F2E28DA76C700E72E4D /* Build configuration list for PBXProject "FirebaseLogin" */;
			compatibilityVersion = "Xcode 13.0";
			developmentRegion = en;
			hasScannedForEncodings = 0;
			knownRegions = (
				en,
				Base,
			);
			mainGroup = E7547F2A28DA76C700E72E4D;
			productRefGroup = E7547F3428DA76C700E72E4D /* Products */;
			projectDirPath = "";
			projectRoot = "";
			targets = (
				E7547F3228DA76C700E72E4D /* FirebaseLogin */,
				E7547F4828DA76CA00E72E4D /* FirebaseLoginTests */,
				E7547F5228DA76CA00E72E4D /* FirebaseLoginUITests */,
			);
		};
/* End PBXProject section */

/* Begin PBXResourcesBuildPhase section */
		E7547F3128DA76C700E72E4D /* Resources */ = {
			isa = PBXResourcesBuildPhase;
			buildActionMask = 2147483647;
			files = (
				E79D350D28DC9B1F009E6752 /* api.json in Resources */,
				E7638CE328DFF7C900181222 /* Logo.png in Resources */,
				E7547F4328DA76CA00E72E4D /* LaunchScreen.storyboard in Resources */,
				E7547F6728DA77AA00E72E4D /* GoogleService-Info.plist in Resources */,
				E7638CDD28DFD48800181222 /* MovieCollectionViewCell.xib in Resources */,
				E7547F4028DA76CA00E72E4D /* Assets.xcassets in Resources */,
				E704EA1628E247A2005ACC8E /* profile.jpeg in Resources */,
				E7DDB97328DE090B0013FB4D /* CustomMovieViewCell.xib in Resources */,
				E7547F3E28DA76C700E72E4D /* Main.storyboard in Resources */,
			);
			runOnlyForDeploymentPostprocessing = 0;
		};
		E7547F4728DA76CA00E72E4D /* Resources */ = {
			isa = PBXResourcesBuildPhase;
			buildActionMask = 2147483647;
			files = (
			);
			runOnlyForDeploymentPostprocessing = 0;
		};
		E7547F5128DA76CA00E72E4D /* Resources */ = {
			isa = PBXResourcesBuildPhase;
			buildActionMask = 2147483647;
			files = (
			);
			runOnlyForDeploymentPostprocessing = 0;
		};
/* End PBXResourcesBuildPhase section */

/* Begin PBXShellScriptBuildPhase section */
		68AFC8CFACEC231E5D8FE4A9 /* [CP] Embed Pods Frameworks */ = {
			isa = PBXShellScriptBuildPhase;
			buildActionMask = 2147483647;
			files = (
			);
			inputFileListPaths = (
				"${PODS_ROOT}/Target Support Files/Pods-FirebaseLogin-FirebaseLoginUITests/Pods-FirebaseLogin-FirebaseLoginUITests-frameworks-${CONFIGURATION}-input-files.xcfilelist",
			);
			name = "[CP] Embed Pods Frameworks";
			outputFileListPaths = (
				"${PODS_ROOT}/Target Support Files/Pods-FirebaseLogin-FirebaseLoginUITests/Pods-FirebaseLogin-FirebaseLoginUITests-frameworks-${CONFIGURATION}-output-files.xcfilelist",
			);
			runOnlyForDeploymentPostprocessing = 0;
			shellPath = /bin/sh;
			shellScript = "\"${PODS_ROOT}/Target Support Files/Pods-FirebaseLogin-FirebaseLoginUITests/Pods-FirebaseLogin-FirebaseLoginUITests-frameworks.sh\"\n";
			showEnvVarsInLog = 0;
		};
		7D1D6DB44F90C09783B76503 /* [CP] Check Pods Manifest.lock */ = {
			isa = PBXShellScriptBuildPhase;
			buildActionMask = 2147483647;
			files = (
			);
			inputFileListPaths = (
			);
			inputPaths = (
				"${PODS_PODFILE_DIR_PATH}/Podfile.lock",
				"${PODS_ROOT}/Manifest.lock",
			);
			name = "[CP] Check Pods Manifest.lock";
			outputFileListPaths = (
			);
			outputPaths = (
				"$(DERIVED_FILE_DIR)/Pods-FirebaseLogin-checkManifestLockResult.txt",
			);
			runOnlyForDeploymentPostprocessing = 0;
			shellPath = /bin/sh;
			shellScript = "diff \"${PODS_PODFILE_DIR_PATH}/Podfile.lock\" \"${PODS_ROOT}/Manifest.lock\" > /dev/null\nif [ $? != 0 ] ; then\n    # print error to STDERR\n    echo \"error: The sandbox is not in sync with the Podfile.lock. Run 'pod install' or update your CocoaPods installation.\" >&2\n    exit 1\nfi\n# This output is used by Xcode 'outputs' to avoid re-running this script phase.\necho \"SUCCESS\" > \"${SCRIPT_OUTPUT_FILE_0}\"\n";
			showEnvVarsInLog = 0;
		};
		84EFE5E69B984DEF7E98B208 /* [CP] Check Pods Manifest.lock */ = {
			isa = PBXShellScriptBuildPhase;
			buildActionMask = 2147483647;
			files = (
			);
			inputFileListPaths = (
			);
			inputPaths = (
				"${PODS_PODFILE_DIR_PATH}/Podfile.lock",
				"${PODS_ROOT}/Manifest.lock",
			);
			name = "[CP] Check Pods Manifest.lock";
			outputFileListPaths = (
			);
			outputPaths = (
				"$(DERIVED_FILE_DIR)/Pods-FirebaseLogin-FirebaseLoginUITests-checkManifestLockResult.txt",
			);
			runOnlyForDeploymentPostprocessing = 0;
			shellPath = /bin/sh;
			shellScript = "diff \"${PODS_PODFILE_DIR_PATH}/Podfile.lock\" \"${PODS_ROOT}/Manifest.lock\" > /dev/null\nif [ $? != 0 ] ; then\n    # print error to STDERR\n    echo \"error: The sandbox is not in sync with the Podfile.lock. Run 'pod install' or update your CocoaPods installation.\" >&2\n    exit 1\nfi\n# This output is used by Xcode 'outputs' to avoid re-running this script phase.\necho \"SUCCESS\" > \"${SCRIPT_OUTPUT_FILE_0}\"\n";
			showEnvVarsInLog = 0;
		};
		9545D63096E1AA2C5B43323F /* [CP] Embed Pods Frameworks */ = {
			isa = PBXShellScriptBuildPhase;
			buildActionMask = 2147483647;
			files = (
			);
			inputFileListPaths = (
				"${PODS_ROOT}/Target Support Files/Pods-FirebaseLogin/Pods-FirebaseLogin-frameworks-${CONFIGURATION}-input-files.xcfilelist",
			);
			name = "[CP] Embed Pods Frameworks";
			outputFileListPaths = (
				"${PODS_ROOT}/Target Support Files/Pods-FirebaseLogin/Pods-FirebaseLogin-frameworks-${CONFIGURATION}-output-files.xcfilelist",
			);
			runOnlyForDeploymentPostprocessing = 0;
			shellPath = /bin/sh;
			shellScript = "\"${PODS_ROOT}/Target Support Files/Pods-FirebaseLogin/Pods-FirebaseLogin-frameworks.sh\"\n";
			showEnvVarsInLog = 0;
		};
		E7A56104B04F394B929B7AE0 /* [CP] Check Pods Manifest.lock */ = {
			isa = PBXShellScriptBuildPhase;
			buildActionMask = 2147483647;
			files = (
			);
			inputFileListPaths = (
			);
			inputPaths = (
				"${PODS_PODFILE_DIR_PATH}/Podfile.lock",
				"${PODS_ROOT}/Manifest.lock",
			);
			name = "[CP] Check Pods Manifest.lock";
			outputFileListPaths = (
			);
			outputPaths = (
				"$(DERIVED_FILE_DIR)/Pods-FirebaseLoginTests-checkManifestLockResult.txt",
			);
			runOnlyForDeploymentPostprocessing = 0;
			shellPath = /bin/sh;
			shellScript = "diff \"${PODS_PODFILE_DIR_PATH}/Podfile.lock\" \"${PODS_ROOT}/Manifest.lock\" > /dev/null\nif [ $? != 0 ] ; then\n    # print error to STDERR\n    echo \"error: The sandbox is not in sync with the Podfile.lock. Run 'pod install' or update your CocoaPods installation.\" >&2\n    exit 1\nfi\n# This output is used by Xcode 'outputs' to avoid re-running this script phase.\necho \"SUCCESS\" > \"${SCRIPT_OUTPUT_FILE_0}\"\n";
			showEnvVarsInLog = 0;
		};
/* End PBXShellScriptBuildPhase section */

/* Begin PBXSourcesBuildPhase section */
		E7547F2F28DA76C700E72E4D /* Sources */ = {
			isa = PBXSourcesBuildPhase;
			buildActionMask = 2147483647;
			files = (
				E704EA1C28E24B1A005ACC8E /* CollectionViewModel.swift in Sources */,
				E7638CDC28DFD48800181222 /* MovieCollectionViewCell.swift in Sources */,
				E704EA2A28E330CA005ACC8E /* NoteViewModel.swift in Sources */,
				E79D350F28DCA1BF009E6752 /* GalleryViewController.swift in Sources */,
				E79D350528DC7553009E6752 /* InicioViewController.swift in Sources */,
				E7DDB96D28DDFF5B0013FB4D /* MovieService.swift in Sources */,
				E704EA2828E32DE4005ACC8E /* NoteTableViewCell.swift in Sources */,
				E704EA2628E2C1B2005ACC8E /* NoteModel.swift in Sources */,
				E7547F6D28DA7F6B00E72E4D /* User.swift in Sources */,
				E7547F3B28DA76C700E72E4D /* ViewController.swift in Sources */,
				E79D350928DC879E009E6752 /* CollectionViewController.swift in Sources */,
				E7DDB97528DE183D0013FB4D /* Movie.swift in Sources */,
				E704EA1E28E2573C005ACC8E /* CollectionManager.swift in Sources */,
				E7547F7628DAA7A100E72E4D /* MoviesViewModel.swift in Sources */,
				E7DDB96928DDF0AD0013FB4D /* WebUIViewController.swift in Sources */,
				E7547F3728DA76C700E72E4D /* AppDelegate.swift in Sources */,
				E74109A728DCC7B500F851C3 /* CustomCollectionViewCell.swift in Sources */,
				E7547F3928DA76C700E72E4D /* SceneDelegate.swift in Sources */,
				E79D350B28DC9AA9009E6752 /* Character.swift in Sources */,
				E704EA2128E2B172005ACC8E /* NoteViewController.swift in Sources */,
				E717453C28DB495F004468F6 /* HomeViewController.swift in Sources */,
				E717453E28DB5C73004468F6 /* MapViewController.swift in Sources */,
			);
			runOnlyForDeploymentPostprocessing = 0;
		};
		E7547F4528DA76CA00E72E4D /* Sources */ = {
			isa = PBXSourcesBuildPhase;
			buildActionMask = 2147483647;
			files = (
				E7547F4E28DA76CA00E72E4D /* FirebaseLoginTests.swift in Sources */,
			);
			runOnlyForDeploymentPostprocessing = 0;
		};
		E7547F4F28DA76CA00E72E4D /* Sources */ = {
			isa = PBXSourcesBuildPhase;
			buildActionMask = 2147483647;
			files = (
				E7547F5828DA76CA00E72E4D /* FirebaseLoginUITests.swift in Sources */,
				E7547F5A28DA76CA00E72E4D /* FirebaseLoginUITestsLaunchTests.swift in Sources */,
			);
			runOnlyForDeploymentPostprocessing = 0;
		};
/* End PBXSourcesBuildPhase section */

/* Begin PBXTargetDependency section */
		E7547F4B28DA76CA00E72E4D /* PBXTargetDependency */ = {
			isa = PBXTargetDependency;
			target = E7547F3228DA76C700E72E4D /* FirebaseLogin */;
			targetProxy = E7547F4A28DA76CA00E72E4D /* PBXContainerItemProxy */;
		};
		E7547F5528DA76CA00E72E4D /* PBXTargetDependency */ = {
			isa = PBXTargetDependency;
			target = E7547F3228DA76C700E72E4D /* FirebaseLogin */;
			targetProxy = E7547F5428DA76CA00E72E4D /* PBXContainerItemProxy */;
		};
/* End PBXTargetDependency section */

/* Begin PBXVariantGroup section */
		E7547F3C28DA76C700E72E4D /* Main.storyboard */ = {
			isa = PBXVariantGroup;
			children = (
				E7547F3D28DA76C700E72E4D /* Base */,
			);
			name = Main.storyboard;
			sourceTree = "<group>";
		};
		E7547F4128DA76CA00E72E4D /* LaunchScreen.storyboard */ = {
			isa = PBXVariantGroup;
			children = (
				E7547F4228DA76CA00E72E4D /* Base */,
			);
			name = LaunchScreen.storyboard;
			sourceTree = "<group>";
		};
/* End PBXVariantGroup section */

/* Begin XCBuildConfiguration section */
		E7547F5B28DA76CA00E72E4D /* Debug */ = {
			isa = XCBuildConfiguration;
			buildSettings = {
				ALWAYS_SEARCH_USER_PATHS = NO;
				CLANG_ANALYZER_NONNULL = YES;
				CLANG_ANALYZER_NUMBER_OBJECT_CONVERSION = YES_AGGRESSIVE;
				CLANG_CXX_LANGUAGE_STANDARD = "gnu++17";
				CLANG_CXX_LIBRARY = "libc++";
				CLANG_ENABLE_MODULES = YES;
				CLANG_ENABLE_OBJC_ARC = YES;
				CLANG_ENABLE_OBJC_WEAK = YES;
				CLANG_WARN_BLOCK_CAPTURE_AUTORELEASING = YES;
				CLANG_WARN_BOOL_CONVERSION = YES;
				CLANG_WARN_COMMA = YES;
				CLANG_WARN_CONSTANT_CONVERSION = YES;
				CLANG_WARN_DEPRECATED_OBJC_IMPLEMENTATIONS = YES;
				CLANG_WARN_DIRECT_OBJC_ISA_USAGE = YES_ERROR;
				CLANG_WARN_DOCUMENTATION_COMMENTS = YES;
				CLANG_WARN_EMPTY_BODY = YES;
				CLANG_WARN_ENUM_CONVERSION = YES;
				CLANG_WARN_INFINITE_RECURSION = YES;
				CLANG_WARN_INT_CONVERSION = YES;
				CLANG_WARN_NON_LITERAL_NULL_CONVERSION = YES;
				CLANG_WARN_OBJC_IMPLICIT_RETAIN_SELF = YES;
				CLANG_WARN_OBJC_LITERAL_CONVERSION = YES;
				CLANG_WARN_OBJC_ROOT_CLASS = YES_ERROR;
				CLANG_WARN_QUOTED_INCLUDE_IN_FRAMEWORK_HEADER = YES;
				CLANG_WARN_RANGE_LOOP_ANALYSIS = YES;
				CLANG_WARN_STRICT_PROTOTYPES = YES;
				CLANG_WARN_SUSPICIOUS_MOVE = YES;
				CLANG_WARN_UNGUARDED_AVAILABILITY = YES_AGGRESSIVE;
				CLANG_WARN_UNREACHABLE_CODE = YES;
				CLANG_WARN__DUPLICATE_METHOD_MATCH = YES;
				COPY_PHASE_STRIP = NO;
				DEBUG_INFORMATION_FORMAT = dwarf;
				ENABLE_STRICT_OBJC_MSGSEND = YES;
				ENABLE_TESTABILITY = YES;
				GCC_C_LANGUAGE_STANDARD = gnu11;
				GCC_DYNAMIC_NO_PIC = NO;
				GCC_NO_COMMON_BLOCKS = YES;
				GCC_OPTIMIZATION_LEVEL = 0;
				GCC_PREPROCESSOR_DEFINITIONS = (
					"DEBUG=1",
					"$(inherited)",
				);
				GCC_WARN_64_TO_32_BIT_CONVERSION = YES;
				GCC_WARN_ABOUT_RETURN_TYPE = YES_ERROR;
				GCC_WARN_UNDECLARED_SELECTOR = YES;
				GCC_WARN_UNINITIALIZED_AUTOS = YES_AGGRESSIVE;
				GCC_WARN_UNUSED_FUNCTION = YES;
				GCC_WARN_UNUSED_VARIABLE = YES;
				IPHONEOS_DEPLOYMENT_TARGET = 15.2;
				MTL_ENABLE_DEBUG_INFO = INCLUDE_SOURCE;
				MTL_FAST_MATH = YES;
				ONLY_ACTIVE_ARCH = YES;
				SDKROOT = iphoneos;
				SWIFT_ACTIVE_COMPILATION_CONDITIONS = DEBUG;
				SWIFT_OPTIMIZATION_LEVEL = "-Onone";
			};
			name = Debug;
		};
		E7547F5C28DA76CA00E72E4D /* Release */ = {
			isa = XCBuildConfiguration;
			buildSettings = {
				ALWAYS_SEARCH_USER_PATHS = NO;
				CLANG_ANALYZER_NONNULL = YES;
				CLANG_ANALYZER_NUMBER_OBJECT_CONVERSION = YES_AGGRESSIVE;
				CLANG_CXX_LANGUAGE_STANDARD = "gnu++17";
				CLANG_CXX_LIBRARY = "libc++";
				CLANG_ENABLE_MODULES = YES;
				CLANG_ENABLE_OBJC_ARC = YES;
				CLANG_ENABLE_OBJC_WEAK = YES;
				CLANG_WARN_BLOCK_CAPTURE_AUTORELEASING = YES;
				CLANG_WARN_BOOL_CONVERSION = YES;
				CLANG_WARN_COMMA = YES;
				CLANG_WARN_CONSTANT_CONVERSION = YES;
				CLANG_WARN_DEPRECATED_OBJC_IMPLEMENTATIONS = YES;
				CLANG_WARN_DIRECT_OBJC_ISA_USAGE = YES_ERROR;
				CLANG_WARN_DOCUMENTATION_COMMENTS = YES;
				CLANG_WARN_EMPTY_BODY = YES;
				CLANG_WARN_ENUM_CONVERSION = YES;
				CLANG_WARN_INFINITE_RECURSION = YES;
				CLANG_WARN_INT_CONVERSION = YES;
				CLANG_WARN_NON_LITERAL_NULL_CONVERSION = YES;
				CLANG_WARN_OBJC_IMPLICIT_RETAIN_SELF = YES;
				CLANG_WARN_OBJC_LITERAL_CONVERSION = YES;
				CLANG_WARN_OBJC_ROOT_CLASS = YES_ERROR;
				CLANG_WARN_QUOTED_INCLUDE_IN_FRAMEWORK_HEADER = YES;
				CLANG_WARN_RANGE_LOOP_ANALYSIS = YES;
				CLANG_WARN_STRICT_PROTOTYPES = YES;
				CLANG_WARN_SUSPICIOUS_MOVE = YES;
				CLANG_WARN_UNGUARDED_AVAILABILITY = YES_AGGRESSIVE;
				CLANG_WARN_UNREACHABLE_CODE = YES;
				CLANG_WARN__DUPLICATE_METHOD_MATCH = YES;
				COPY_PHASE_STRIP = NO;
				DEBUG_INFORMATION_FORMAT = "dwarf-with-dsym";
				ENABLE_NS_ASSERTIONS = NO;
				ENABLE_STRICT_OBJC_MSGSEND = YES;
				GCC_C_LANGUAGE_STANDARD = gnu11;
				GCC_NO_COMMON_BLOCKS = YES;
				GCC_WARN_64_TO_32_BIT_CONVERSION = YES;
				GCC_WARN_ABOUT_RETURN_TYPE = YES_ERROR;
				GCC_WARN_UNDECLARED_SELECTOR = YES;
				GCC_WARN_UNINITIALIZED_AUTOS = YES_AGGRESSIVE;
				GCC_WARN_UNUSED_FUNCTION = YES;
				GCC_WARN_UNUSED_VARIABLE = YES;
				IPHONEOS_DEPLOYMENT_TARGET = 15.2;
				MTL_ENABLE_DEBUG_INFO = NO;
				MTL_FAST_MATH = YES;
				SDKROOT = iphoneos;
				SWIFT_COMPILATION_MODE = wholemodule;
				SWIFT_OPTIMIZATION_LEVEL = "-O";
				VALIDATE_PRODUCT = YES;
			};
			name = Release;
		};
		E7547F5E28DA76CA00E72E4D /* Debug */ = {
			isa = XCBuildConfiguration;
			baseConfigurationReference = EAB2156EC04E701A6075CBBC /* Pods-FirebaseLogin.debug.xcconfig */;
			buildSettings = {
				ASSETCATALOG_COMPILER_APPICON_NAME = AppIcon;
				ASSETCATALOG_COMPILER_GLOBAL_ACCENT_COLOR_NAME = AccentColor;
				CODE_SIGN_STYLE = Automatic;
				CURRENT_PROJECT_VERSION = 1;
				GENERATE_INFOPLIST_FILE = YES;
				INFOPLIST_FILE = FirebaseLogin/Info.plist;
				INFOPLIST_KEY_UIApplicationSupportsIndirectInputEvents = YES;
				INFOPLIST_KEY_UILaunchStoryboardName = LaunchScreen;
				INFOPLIST_KEY_UIMainStoryboardFile = Main;
				INFOPLIST_KEY_UISupportedInterfaceOrientations_iPad = "UIInterfaceOrientationPortrait UIInterfaceOrientationPortraitUpsideDown UIInterfaceOrientationLandscapeLeft UIInterfaceOrientationLandscapeRight";
				INFOPLIST_KEY_UISupportedInterfaceOrientations_iPhone = "UIInterfaceOrientationPortrait UIInterfaceOrientationLandscapeLeft UIInterfaceOrientationLandscapeRight";
				LD_RUNPATH_SEARCH_PATHS = (
					"$(inherited)",
					"@executable_path/Frameworks",
				);
				MARKETING_VERSION = 1.0;
				PRODUCT_BUNDLE_IDENTIFIER = com.retos.FirebaseLogin;
				PRODUCT_NAME = "$(TARGET_NAME)";
				SWIFT_EMIT_LOC_STRINGS = YES;
				SWIFT_VERSION = 5.0;
				TARGETED_DEVICE_FAMILY = "1,2";
			};
			name = Debug;
		};
		E7547F5F28DA76CA00E72E4D /* Release */ = {
			isa = XCBuildConfiguration;
			baseConfigurationReference = 1BAF3156CA22F8EC41CB1449 /* Pods-FirebaseLogin.release.xcconfig */;
			buildSettings = {
				ASSETCATALOG_COMPILER_APPICON_NAME = AppIcon;
				ASSETCATALOG_COMPILER_GLOBAL_ACCENT_COLOR_NAME = AccentColor;
				CODE_SIGN_STYLE = Automatic;
				CURRENT_PROJECT_VERSION = 1;
				GENERATE_INFOPLIST_FILE = YES;
				INFOPLIST_FILE = FirebaseLogin/Info.plist;
				INFOPLIST_KEY_UIApplicationSupportsIndirectInputEvents = YES;
				INFOPLIST_KEY_UILaunchStoryboardName = LaunchScreen;
				INFOPLIST_KEY_UIMainStoryboardFile = Main;
				INFOPLIST_KEY_UISupportedInterfaceOrientations_iPad = "UIInterfaceOrientationPortrait UIInterfaceOrientationPortraitUpsideDown UIInterfaceOrientationLandscapeLeft UIInterfaceOrientationLandscapeRight";
				INFOPLIST_KEY_UISupportedInterfaceOrientations_iPhone = "UIInterfaceOrientationPortrait UIInterfaceOrientationLandscapeLeft UIInterfaceOrientationLandscapeRight";
				LD_RUNPATH_SEARCH_PATHS = (
					"$(inherited)",
					"@executable_path/Frameworks",
				);
				MARKETING_VERSION = 1.0;
				PRODUCT_BUNDLE_IDENTIFIER = com.retos.FirebaseLogin;
				PRODUCT_NAME = "$(TARGET_NAME)";
				SWIFT_EMIT_LOC_STRINGS = YES;
				SWIFT_VERSION = 5.0;
				TARGETED_DEVICE_FAMILY = "1,2";
			};
			name = Release;
		};
		E7547F6128DA76CA00E72E4D /* Debug */ = {
			isa = XCBuildConfiguration;
			baseConfigurationReference = D14AF4354B86345198D080EA /* Pods-FirebaseLoginTests.debug.xcconfig */;
			buildSettings = {
				ALWAYS_EMBED_SWIFT_STANDARD_LIBRARIES = YES;
				BUNDLE_LOADER = "$(TEST_HOST)";
				CODE_SIGN_STYLE = Automatic;
				CURRENT_PROJECT_VERSION = 1;
				GENERATE_INFOPLIST_FILE = YES;
				IPHONEOS_DEPLOYMENT_TARGET = 15.2;
				MARKETING_VERSION = 1.0;
				PRODUCT_BUNDLE_IDENTIFIER = com.retos.FirebaseLoginTests;
				PRODUCT_NAME = "$(TARGET_NAME)";
				SWIFT_EMIT_LOC_STRINGS = NO;
				SWIFT_VERSION = 5.0;
				TARGETED_DEVICE_FAMILY = "1,2";
				TEST_HOST = "$(BUILT_PRODUCTS_DIR)/FirebaseLogin.app/FirebaseLogin";
			};
			name = Debug;
		};
		E7547F6228DA76CA00E72E4D /* Release */ = {
			isa = XCBuildConfiguration;
			baseConfigurationReference = 29FDD111FB5482F7D8915D7C /* Pods-FirebaseLoginTests.release.xcconfig */;
			buildSettings = {
				ALWAYS_EMBED_SWIFT_STANDARD_LIBRARIES = YES;
				BUNDLE_LOADER = "$(TEST_HOST)";
				CODE_SIGN_STYLE = Automatic;
				CURRENT_PROJECT_VERSION = 1;
				GENERATE_INFOPLIST_FILE = YES;
				IPHONEOS_DEPLOYMENT_TARGET = 15.2;
				MARKETING_VERSION = 1.0;
				PRODUCT_BUNDLE_IDENTIFIER = com.retos.FirebaseLoginTests;
				PRODUCT_NAME = "$(TARGET_NAME)";
				SWIFT_EMIT_LOC_STRINGS = NO;
				SWIFT_VERSION = 5.0;
				TARGETED_DEVICE_FAMILY = "1,2";
				TEST_HOST = "$(BUILT_PRODUCTS_DIR)/FirebaseLogin.app/FirebaseLogin";
			};
			name = Release;
		};
		E7547F6428DA76CA00E72E4D /* Debug */ = {
			isa = XCBuildConfiguration;
			baseConfigurationReference = 3CC46C7ABE2011C71901140B /* Pods-FirebaseLogin-FirebaseLoginUITests.debug.xcconfig */;
			buildSettings = {
				ALWAYS_EMBED_SWIFT_STANDARD_LIBRARIES = YES;
				CODE_SIGN_STYLE = Automatic;
				CURRENT_PROJECT_VERSION = 1;
				GENERATE_INFOPLIST_FILE = YES;
				MARKETING_VERSION = 1.0;
				PRODUCT_BUNDLE_IDENTIFIER = com.retos.FirebaseLoginUITests;
				PRODUCT_NAME = "$(TARGET_NAME)";
				SWIFT_EMIT_LOC_STRINGS = NO;
				SWIFT_VERSION = 5.0;
				TARGETED_DEVICE_FAMILY = "1,2";
				TEST_TARGET_NAME = FirebaseLogin;
			};
			name = Debug;
		};
		E7547F6528DA76CA00E72E4D /* Release */ = {
			isa = XCBuildConfiguration;
			baseConfigurationReference = 1A05D8785F5C5BF389FE0EB4 /* Pods-FirebaseLogin-FirebaseLoginUITests.release.xcconfig */;
			buildSettings = {
				ALWAYS_EMBED_SWIFT_STANDARD_LIBRARIES = YES;
				CODE_SIGN_STYLE = Automatic;
				CURRENT_PROJECT_VERSION = 1;
				GENERATE_INFOPLIST_FILE = YES;
				MARKETING_VERSION = 1.0;
				PRODUCT_BUNDLE_IDENTIFIER = com.retos.FirebaseLoginUITests;
				PRODUCT_NAME = "$(TARGET_NAME)";
				SWIFT_EMIT_LOC_STRINGS = NO;
				SWIFT_VERSION = 5.0;
				TARGETED_DEVICE_FAMILY = "1,2";
				TEST_TARGET_NAME = FirebaseLogin;
			};
			name = Release;
		};
/* End XCBuildConfiguration section */

/* Begin XCConfigurationList section */
		E7547F2E28DA76C700E72E4D /* Build configuration list for PBXProject "FirebaseLogin" */ = {
			isa = XCConfigurationList;
			buildConfigurations = (
				E7547F5B28DA76CA00E72E4D /* Debug */,
				E7547F5C28DA76CA00E72E4D /* Release */,
			);
			defaultConfigurationIsVisible = 0;
			defaultConfigurationName = Release;
		};
		E7547F5D28DA76CA00E72E4D /* Build configuration list for PBXNativeTarget "FirebaseLogin" */ = {
			isa = XCConfigurationList;
			buildConfigurations = (
				E7547F5E28DA76CA00E72E4D /* Debug */,
				E7547F5F28DA76CA00E72E4D /* Release */,
			);
			defaultConfigurationIsVisible = 0;
			defaultConfigurationName = Release;
		};
		E7547F6028DA76CA00E72E4D /* Build configuration list for PBXNativeTarget "FirebaseLoginTests" */ = {
			isa = XCConfigurationList;
			buildConfigurations = (
				E7547F6128DA76CA00E72E4D /* Debug */,
				E7547F6228DA76CA00E72E4D /* Release */,
			);
			defaultConfigurationIsVisible = 0;
			defaultConfigurationName = Release;
		};
		E7547F6328DA76CA00E72E4D /* Build configuration list for PBXNativeTarget "FirebaseLoginUITests" */ = {
			isa = XCConfigurationList;
			buildConfigurations = (
				E7547F6428DA76CA00E72E4D /* Debug */,
				E7547F6528DA76CA00E72E4D /* Release */,
			);
			defaultConfigurationIsVisible = 0;
			defaultConfigurationName = Release;
		};
/* End XCConfigurationList section */
	};
	rootObject = E7547F2B28DA76C700E72E4D /* Project object */;
}
